
Microsoft Visual Studio Solution File, Format Version 12.00
# Visual Studio Version 16
VisualStudioVersion = 16.0.31702.278
MinimumVisualStudioVersion = 10.0.40219.1
Project("{FAE04EC0-301F-11D3-BF4B-00C04F79EFBC}") = "Module 1_Exercise 23_1", "Module 1_Exercise 23_1\Module 1_Exercise 23_1.csproj", "{CBDD5F33-848E-405B-87C3-EE6D84436041}"
EndProject
Global
	GlobalSection(SolutionConfigurationPlatforms) = preSolution
		Debug|Any CPU = Debug|Any CPU
		Release|Any CPU = Release|Any CPU
	EndGlobalSection
	GlobalSection(ProjectConfigurationPlatforms) = postSolution
		{CBDD5F33-848E-405B-87C3-EE6D84436041}.Debug|Any CPU.ActiveCfg = Debug|Any CPU
		{CBDD5F33-848E-405B-87C3-EE6D84436041}.Debug|Any CPU.Build.0 = Debug|Any CPU
		{CBDD5F33-848E-405B-87C3-EE6D84436041}.Release|Any CPU.ActiveCfg = Release|Any CPU
		{CBDD5F33-848E-405B-87C3-EE6D84436041}.Release|Any CPU.Build.0 = Release|Any CPU
	EndGlobalSection
	GlobalSection(SolutionProperties) = preSolution
		HideSolutionNode = FALSE
	EndGlobalSection
	GlobalSection(ExtensibilityGlobals) = postSolution
		SolutionGuid = {E9B49DEC-D1D3-4483-A2DC-D9616C7488D8}
	EndGlobalSection
EndGlobal
